// !$*UTF8*$!
{
	archiveVersion = 1;
	classes = {
	};
	objectVersion = 55;
	objects = {

/* Begin PBXBuildFile section */
		3C32CF8F28115F6D00CD3829 /* AppDelegate.swift in Sources */ = {isa = PBXBuildFile; fileRef = 3C32CF8E28115F6D00CD3829 /* AppDelegate.swift */; };
		3C32CF9128115F6D00CD3829 /* SceneDelegate.swift in Sources */ = {isa = PBXBuildFile; fileRef = 3C32CF9028115F6D00CD3829 /* SceneDelegate.swift */; };
		3C32CF9328115F6D00CD3829 /* ViewController.swift in Sources */ = {isa = PBXBuildFile; fileRef = 3C32CF9228115F6D00CD3829 /* ViewController.swift */; };
		3C32CF9628115F6D00CD3829 /* Main.storyboard in Resources */ = {isa = PBXBuildFile; fileRef = 3C32CF9428115F6D00CD3829 /* Main.storyboard */; };
		3C32CF9828115F7000CD3829 /* Assets.xcassets in Resources */ = {isa = PBXBuildFile; fileRef = 3C32CF9728115F7000CD3829 /* Assets.xcassets */; };
		3C32CF9B28115F7000CD3829 /* LaunchScreen.storyboard in Resources */ = {isa = PBXBuildFile; fileRef = 3C32CF9928115F7000CD3829 /* LaunchScreen.storyboard */; };
		3C77015628166A8C002D9917 /* ViewControllerHistory.swift in Sources */ = {isa = PBXBuildFile; fileRef = 3C77015528166A8C002D9917 /* ViewControllerHistory.swift */; };
		3C77015F28169CEF002D9917 /* PlayerScoreControl.swift in Sources */ = {isa = PBXBuildFile; fileRef = 3C77015D28169CEF002D9917 /* PlayerScoreControl.swift */; };
		3C77016028169CEF002D9917 /* PlayerScoreControl.xib in Resources */ = {isa = PBXBuildFile; fileRef = 3C77015E28169CEF002D9917 /* PlayerScoreControl.xib */; };
/* End PBXBuildFile section */

/* Begin PBXFileReference section */
		3C32CF8B28115F6D00CD3829 /* LifeCounter.app */ = {isa = PBXFileReference; explicitFileType = wrapper.application; includeInIndex = 0; path = LifeCounter.app; sourceTree = BUILT_PRODUCTS_DIR; };
		3C32CF8E28115F6D00CD3829 /* AppDelegate.swift */ = {isa = PBXFileReference; lastKnownFileType = sourcecode.swift; path = AppDelegate.swift; sourceTree = "<group>"; };
		3C32CF9028115F6D00CD3829 /* SceneDelegate.swift */ = {isa = PBXFileReference; lastKnownFileType = sourcecode.swift; path = SceneDelegate.swift; sourceTree = "<group>"; };
		3C32CF9228115F6D00CD3829 /* ViewController.swift */ = {isa = PBXFileReference; lastKnownFileType = sourcecode.swift; path = ViewController.swift; sourceTree = "<group>"; };
		3C32CF9528115F6D00CD3829 /* Base */ = {isa = PBXFileReference; lastKnownFileType = file.storyboard; name = Base; path = Base.lproj/Main.storyboard; sourceTree = "<group>"; };
		3C32CF9728115F7000CD3829 /* Assets.xcassets */ = {isa = PBXFileReference; lastKnownFileType = folder.assetcatalog; path = Assets.xcassets; sourceTree = "<group>"; };
		3C32CF9A28115F7000CD3829 /* Base */ = {isa = PBXFileReference; lastKnownFileType = file.storyboard; name = Base; path = Base.lproj/LaunchScreen.storyboard; sourceTree = "<group>"; };
		3C32CF9C28115F7000CD3829 /* Info.plist */ = {isa = PBXFileReference; lastKnownFileType = text.plist.xml; path = Info.plist; sourceTree = "<group>"; };
		3C77015528166A8C002D9917 /* ViewControllerHistory.swift */ = {isa = PBXFileReference; lastKnownFileType = sourcecode.swift; path = ViewControllerHistory.swift; sourceTree = "<group>"; };
		3C77015D28169CEF002D9917 /* PlayerScoreControl.swift */ = {isa = PBXFileReference; lastKnownFileType = sourcecode.swift; path = PlayerScoreControl.swift; sourceTree = "<group>"; };
		3C77015E28169CEF002D9917 /* PlayerScoreControl.xib */ = {isa = PBXFileReference; lastKnownFileType = file.xib; path = PlayerScoreControl.xib; sourceTree = "<group>"; };
/* End PBXFileReference section */

/* Begin PBXFrameworksBuildPhase section */
		3C32CF8828115F6D00CD3829 /* Frameworks */ = {
			isa = PBXFrameworksBuildPhase;
			buildActionMask = 2147483647;
			files = (
			);
			runOnlyForDeploymentPostprocessing = 0;
		};
/* End PBXFrameworksBuildPhase section */

/* Begin PBXGroup section */
		3C32CF8228115F6D00CD3829 = {
			isa = PBXGroup;
			children = (
				3C32CF8D28115F6D00CD3829 /* LifeCounter */,
				3C32CF8C28115F6D00CD3829 /* Products */,
			);
			sourceTree = "<group>";
		};
		3C32CF8C28115F6D00CD3829 /* Products */ = {
			isa = PBXGroup;
			children = (
				3C32CF8B28115F6D00CD3829 /* LifeCounter.app */,
			);
			name = Products;
			sourceTree = "<group>";
		};
		3C32CF8D28115F6D00CD3829 /* LifeCounter */ = {
			isa = PBXGroup;
			children = (
				3C32CF8E28115F6D00CD3829 /* AppDelegate.swift */,
				3C32CF9028115F6D00CD3829 /* SceneDelegate.swift */,
				3C32CF9228115F6D00CD3829 /* ViewController.swift */,
				3C77015528166A8C002D9917 /* ViewControllerHistory.swift */,
				3C32CF9428115F6D00CD3829 /* Main.storyboard */,
				3C32CF9728115F7000CD3829 /* Assets.xcassets */,
				3C32CF9928115F7000CD3829 /* LaunchScreen.storyboard */,
				3C32CF9C28115F7000CD3829 /* Info.plist */,
				3C77015D28169CEF002D9917 /* PlayerScoreControl.swift */,
				3C77015E28169CEF002D9917 /* PlayerScoreControl.xib */,
			);
			path = LifeCounter;
			sourceTree = "<group>";
		};
/* End PBXGroup section */

/* Begin PBXNativeTarget section */
		3C32CF8A28115F6D00CD3829 /* LifeCounter */ = {
			isa = PBXNativeTarget;
			buildConfigurationList = 3C32CF9F28115F7000CD3829 /* Build configuration list for PBXNativeTarget "LifeCounter" */;
			buildPhases = (
				3C32CF8728115F6D00CD3829 /* Sources */,
				3C32CF8828115F6D00CD3829 /* Frameworks */,
				3C32CF8928115F6D00CD3829 /* Resources */,
			);
			buildRules = (
			);
			dependencies = (
			);
			name = LifeCounter;
			productName = LifeCounter;
			productReference = 3C32CF8B28115F6D00CD3829 /* LifeCounter.app */;
			productType = "com.apple.product-type.application";
		};
/* End PBXNativeTarget section */

/* Begin PBXProject section */
		3C32CF8328115F6D00CD3829 /* Project object */ = {
			isa = PBXProject;
			attributes = {
				BuildIndependentTargetsInParallel = 1;
				LastSwiftUpdateCheck = 1330;
				LastUpgradeCheck = 1330;
				TargetAttributes = {
					3C32CF8A28115F6D00CD3829 = {
						CreatedOnToolsVersion = 13.3.1;
					};
				};
			};
			buildConfigurationList = 3C32CF8628115F6D00CD3829 /* Build configuration list for PBXProject "LifeCounter" */;
			compatibilityVersion = "Xcode 13.0";
			developmentRegion = en;
			hasScannedForEncodings = 0;
			knownRegions = (
				en,
				Base,
			);
			mainGroup = 3C32CF8228115F6D00CD3829;
			productRefGroup = 3C32CF8C28115F6D00CD3829 /* Products */;
			projectDirPath = "";
			projectRoot = "";
			targets = (
				3C32CF8A28115F6D00CD3829 /* LifeCounter */,
			);
		};
/* End PBXProject section */

/* Begin PBXResourcesBuildPhase section */
		3C32CF8928115F6D00CD3829 /* Resources */ = {
			isa = PBXResourcesBuildPhase;
			buildActionMask = 2147483647;
			files = (
				3C32CF9B28115F7000CD3829 /* LaunchScreen.storyboard in Resources */,
				3C77016028169CEF002D9917 /* PlayerScoreControl.xib in Resources */,
				3C32CF9828115F7000CD3829 /* Assets.xcassets in Resources */,
				3C32CF9628115F6D00CD3829 /* Main.storyboard in Resources */,
			);
			runOnlyForDeploymentPostprocessing = 0;
		};
/* End PBXResourcesBuildPhase section */

/* Begin PBXSourcesBuildPhase section */
		3C32CF8728115F6D00CD3829 /* Sources */ = {
			isa = PBXSourcesBuildPhase;
			buildActionMask = 2147483647;
			files = (
				3C32CF9328115F6D00CD3829 /* ViewController.swift in Sources */,
				3C77015F28169CEF002D9917 /* PlayerScoreControl.swift in Sources */,
				3C32CF8F28115F6D00CD3829 /* AppDelegate.swift in Sources */,
				3C32CF9128115F6D00CD3829 /* SceneDelegate.swift in Sources */,
				3C77015628166A8C002D9917 /* ViewControllerHistory.swift in Sources */,
			);
			runOnlyForDeploymentPostprocessing = 0;
		};
/* End PBXSourcesBuildPhase section */

/* Begin PBXVariantGroup section */
		3C32CF9428115F6D00CD3829 /* Main.storyboard */ = {
			isa = PBXVariantGroup;
			children = (
				3C32CF9528115F6D00CD3829 /* Base */,
			);
			name = Main.storyboard;
			sourceTree = "<group>";
		};
		3C32CF9928115F7000CD3829 /* LaunchScreen.storyboard */ = {
			isa = PBXVariantGroup;
			children = (
				3C32CF9A28115F7000CD3829 /* Base */,
			);
			name = LaunchScreen.storyboard;
			sourceTree = "<group>";
		};
/* End PBXVariantGroup section */

/* Begin XCBuildConfiguration section */
		3C32CF9D28115F7000CD3829 /* Debug */ = {
			isa = XCBuildConfiguration;
			buildSettings = {
				ALWAYS_SEARCH_USER_PATHS = NO;
				CLANG_ANALYZER_NONNULL = YES;
				CLANG_ANALYZER_NUMBER_OBJECT_CONVERSION = YES_AGGRESSIVE;
				CLANG_CXX_LANGUAGE_STANDARD = "gnu++17";
				CLANG_ENABLE_MODULES = YES;
				CLANG_ENABLE_OBJC_ARC = YES;
				CLANG_ENABLE_OBJC_WEAK = YES;
				CLANG_WARN_BLOCK_CAPTURE_AUTORELEASING = YES;
				CLANG_WARN_BOOL_CONVERSION = YES;
				CLANG_WARN_COMMA = YES;
				CLANG_WARN_CONSTANT_CONVERSION = YES;
				CLANG_WARN_DEPRECATED_OBJC_IMPLEMENTATIONS = YES;
				CLANG_WARN_DIRECT_OBJC_ISA_USAGE = YES_ERROR;
				CLANG_WARN_DOCUMENTATION_COMMENTS = YES;
				CLANG_WARN_EMPTY_BODY = YES;
				CLANG_WARN_ENUM_CONVERSION = YES;
				CLANG_WARN_INFINITE_RECURSION = YES;
				CLANG_WARN_INT_CONVERSION = YES;
				CLANG_WARN_NON_LITERAL_NULL_CONVERSION = YES;
				CLANG_WARN_OBJC_IMPLICIT_RETAIN_SELF = YES;
				CLANG_WARN_OBJC_LITERAL_CONVERSION = YES;
				CLANG_WARN_OBJC_ROOT_CLASS = YES_ERROR;
				CLANG_WARN_QUOTED_INCLUDE_IN_FRAMEWORK_HEADER = YES;
				CLANG_WARN_RANGE_LOOP_ANALYSIS = YES;
				CLANG_WARN_STRICT_PROTOTYPES = YES;
				CLANG_WARN_SUSPICIOUS_MOVE = YES;
				CLANG_WARN_UNGUARDED_AVAILABILITY = YES_AGGRESSIVE;
				CLANG_WARN_UNREACHABLE_CODE = YES;
				CLANG_WARN__DUPLICATE_METHOD_MATCH = YES;
				COPY_PHASE_STRIP = NO;
				DEBUG_INFORMATION_FORMAT = dwarf;
				ENABLE_STRICT_OBJC_MSGSEND = YES;
				ENABLE_TESTABILITY = YES;
				GCC_C_LANGUAGE_STANDARD = gnu11;
				GCC_DYNAMIC_NO_PIC = NO;
				GCC_NO_COMMON_BLOCKS = YES;
				GCC_OPTIMIZATION_LEVEL = 0;
				GCC_PREPROCESSOR_DEFINITIONS = (
					"DEBUG=1",
					"$(inherited)",
				);
				GCC_WARN_64_TO_32_BIT_CONVERSION = YES;
				GCC_WARN_ABOUT_RETURN_TYPE = YES_ERROR;
				GCC_WARN_UNDECLARED_SELECTOR = YES;
				GCC_WARN_UNINITIALIZED_AUTOS = YES_AGGRESSIVE;
				GCC_WARN_UNUSED_FUNCTION = YES;
				GCC_WARN_UNUSED_VARIABLE = YES;
				IPHONEOS_DEPLOYMENT_TARGET = 15.4;
				MTL_ENABLE_DEBUG_INFO = INCLUDE_SOURCE;
				MTL_FAST_MATH = YES;
				ONLY_ACTIVE_ARCH = YES;
				SDKROOT = iphoneos;
				SWIFT_ACTIVE_COMPILATION_CONDITIONS = DEBUG;
				SWIFT_OPTIMIZATION_LEVEL = "-Onone";
			};
			name = Debug;
		};
		3C32CF9E28115F7000CD3829 /* Release */ = {
			isa = XCBuildConfiguration;
			buildSettings = {
				ALWAYS_SEARCH_USER_PATHS = NO;
				CLANG_ANALYZER_NONNULL = YES;
				CLANG_ANALYZER_NUMBER_OBJECT_CONVERSION = YES_AGGRESSIVE;
				CLANG_CXX_LANGUAGE_STANDARD = "gnu++17";
				CLANG_ENABLE_MODULES = YES;
				CLANG_ENABLE_OBJC_ARC = YES;
				CLANG_ENABLE_OBJC_WEAK = YES;
				CLANG_WARN_BLOCK_CAPTURE_AUTORELEASING = YES;
				CLANG_WARN_BOOL_CONVERSION = YES;
				CLANG_WARN_COMMA = YES;
				CLANG_WARN_CONSTANT_CONVERSION = YES;
				CLANG_WARN_DEPRECATED_OBJC_IMPLEMENTATIONS = YES;
				CLANG_WARN_DIRECT_OBJC_ISA_USAGE = YES_ERROR;
				CLANG_WARN_DOCUMENTATION_COMMENTS = YES;
				CLANG_WARN_EMPTY_BODY = YES;
				CLANG_WARN_ENUM_CONVERSION = YES;
				CLANG_WARN_INFINITE_RECURSION = YES;
				CLANG_WARN_INT_CONVERSION = YES;
				CLANG_WARN_NON_LITERAL_NULL_CONVERSION = YES;
				CLANG_WARN_OBJC_IMPLICIT_RETAIN_SELF = YES;
				CLANG_WARN_OBJC_LITERAL_CONVERSION = YES;
				CLANG_WARN_OBJC_ROOT_CLASS = YES_ERROR;
				CLANG_WARN_QUOTED_INCLUDE_IN_FRAMEWORK_HEADER = YES;
				CLANG_WARN_RANGE_LOOP_ANALYSIS = YES;
				CLANG_WARN_STRICT_PROTOTYPES = YES;
				CLANG_WARN_SUSPICIOUS_MOVE = YES;
				CLANG_WARN_UNGUARDED_AVAILABILITY = YES_AGGRESSIVE;
				CLANG_WARN_UNREACHABLE_CODE = YES;
				CLANG_WARN__DUPLICATE_METHOD_MATCH = YES;
				COPY_PHASE_STRIP = NO;
				DEBUG_INFORMATION_FORMAT = "dwarf-with-dsym";
				ENABLE_NS_ASSERTIONS = NO;
				ENABLE_STRICT_OBJC_MSGSEND = YES;
				GCC_C_LANGUAGE_STANDARD = gnu11;
				GCC_NO_COMMON_BLOCKS = YES;
				GCC_WARN_64_TO_32_BIT_CONVERSION = YES;
				GCC_WARN_ABOUT_RETURN_TYPE = YES_ERROR;
				GCC_WARN_UNDECLARED_SELECTOR = YES;
				GCC_WARN_UNINITIALIZED_AUTOS = YES_AGGRESSIVE;
				GCC_WARN_UNUSED_FUNCTION = YES;
				GCC_WARN_UNUSED_VARIABLE = YES;
				IPHONEOS_DEPLOYMENT_TARGET = 15.4;
				MTL_ENABLE_DEBUG_INFO = NO;
				MTL_FAST_MATH = YES;
				SDKROOT = iphoneos;
				SWIFT_COMPILATION_MODE = wholemodule;
				SWIFT_OPTIMIZATION_LEVEL = "-O";
				VALIDATE_PRODUCT = YES;
			};
			name = Release;
		};
		3C32CFA028115F7000CD3829 /* Debug */ = {
			isa = XCBuildConfiguration;
			buildSettings = {
				ASSETCATALOG_COMPILER_APPICON_NAME = AppIcon;
				ASSETCATALOG_COMPILER_GLOBAL_ACCENT_COLOR_NAME = AccentColor;
				CODE_SIGN_STYLE = Automatic;
				CURRENT_PROJECT_VERSION = 1;
				DEVELOPMENT_TEAM = PB8TJXC88D;
				GENERATE_INFOPLIST_FILE = YES;
				INFOPLIST_FILE = LifeCounter/Info.plist;
				INFOPLIST_KEY_UIApplicationSupportsIndirectInputEvents = YES;
				INFOPLIST_KEY_UILaunchStoryboardName = LaunchScreen;
				INFOPLIST_KEY_UIMainStoryboardFile = Main;
				INFOPLIST_KEY_UISupportedInterfaceOrientations_iPad = "UIInterfaceOrientationPortrait UIInterfaceOrientationPortraitUpsideDown UIInterfaceOrientationLandscapeLeft UIInterfaceOrientationLandscapeRight";
				INFOPLIST_KEY_UISupportedInterfaceOrientations_iPhone = "UIInterfaceOrientationPortrait UIInterfaceOrientationLandscapeLeft UIInterfaceOrientationLandscapeRight";
				LD_RUNPATH_SEARCH_PATHS = (
					"$(inherited)",
					"@executable_path/Frameworks",
				);
				MARKETING_VERSION = 1.0;
				PRODUCT_BUNDLE_IDENTIFIER = com.ianuw.LifeCounter;
				PRODUCT_NAME = "$(TARGET_NAME)";
				SWIFT_EMIT_LOC_STRINGS = YES;
				SWIFT_VERSION = 5.0;
				TARGETED_DEVICE_FAMILY = "1,2";
			};
			name = Debug;
		};
		3C32CFA128115F7000CD3829 /* Release */ = {
			isa = XCBuildConfiguration;
			buildSettings = {
				ASSETCATALOG_COMPILER_APPICON_NAME = AppIcon;
				ASSETCATALOG_COMPILER_GLOBAL_ACCENT_COLOR_NAME = AccentColor;
				CODE_SIGN_STYLE = Automatic;
				CURRENT_PROJECT_VERSION = 1;
				DEVELOPMENT_TEAM = PB8TJXC88D;
				GENERATE_INFOPLIST_FILE = YES;
				INFOPLIST_FILE = LifeCounter/Info.plist;
				INFOPLIST_KEY_UIApplicationSupportsIndirectInputEvents = YES;
				INFOPLIST_KEY_UILaunchStoryboardName = LaunchScreen;
				INFOPLIST_KEY_UIMainStoryboardFile = Main;
				INFOPLIST_KEY_UISupportedInterfaceOrientations_iPad = "UIInterfaceOrientationPortrait UIInterfaceOrientationPortraitUpsideDown UIInterfaceOrientationLandscapeLeft UIInterfaceOrientationLandscapeRight";
				INFOPLIST_KEY_UISupportedInterfaceOrientations_iPhone = "UIInterfaceOrientationPortrait UIInterfaceOrientationLandscapeLeft UIInterfaceOrientationLandscapeRight";
				LD_RUNPATH_SEARCH_PATHS = (
					"$(inherited)",
					"@executable_path/Frameworks",
				);
				MARKETING_VERSION = 1.0;
				PRODUCT_BUNDLE_IDENTIFIER = com.ianuw.LifeCounter;
				PRODUCT_NAME = "$(TARGET_NAME)";
				SWIFT_EMIT_LOC_STRINGS = YES;
				SWIFT_VERSION = 5.0;
				TARGETED_DEVICE_FAMILY = "1,2";
			};
			name = Release;
		};
/* End XCBuildConfiguration section */

/* Begin XCConfigurationList section */
		3C32CF8628115F6D00CD3829 /* Build configuration list for PBXProject "LifeCounter" */ = {
			isa = XCConfigurationList;
			buildConfigurations = (
				3C32CF9D28115F7000CD3829 /* Debug */,
				3C32CF9E28115F7000CD3829 /* Release */,
			);
			defaultConfigurationIsVisible = 0;
			defaultConfigurationName = Release;
		};
		3C32CF9F28115F7000CD3829 /* Build configuration list for PBXNativeTarget "LifeCounter" */ = {
			isa = XCConfigurationList;
			buildConfigurations = (
				3C32CFA028115F7000CD3829 /* Debug */,
				3C32CFA128115F7000CD3829 /* Release */,
			);
			defaultConfigurationIsVisible = 0;
			defaultConfigurationName = Release;
		};
/* End XCConfigurationList section */
	};
	rootObject = 3C32CF8328115F6D00CD3829 /* Project object */;
}
